
Microsoft Visual Studio Solution File, Format Version 11.00
# Visual Studio 2010
Project("{FAE04EC0-301F-11D3-BF4B-00C04F79EFBC}") = "ART1", "Assembly-CSharp.csproj", "{4DF7FE56-2D2B-CEB6-BEE4-76ED5BA01BE2}"
EndProject
Project("{FAE04EC0-301F-11D3-BF4B-00C04F79EFBC}") = "ART1", "Assembly-CSharp-Editor.csproj", "{D9B575DD-9DF3-A118-5CF5-EF37E2506640}"
EndProject
Global
	GlobalSection(SolutionConfigurationPlatforms) = preSolution
		Debug|Any CPU = Debug|Any CPU
		Release|Any CPU = Release|Any CPU
	EndGlobalSection
	GlobalSection(ProjectConfigurationPlatforms) = postSolution
		{4DF7FE56-2D2B-CEB6-BEE4-76ED5BA01BE2}.Debug|Any CPU.ActiveCfg = Debug|Any CPU
		{4DF7FE56-2D2B-CEB6-BEE4-76ED5BA01BE2}.Debug|Any CPU.Build.0 = Debug|Any CPU
		{4DF7FE56-2D2B-CEB6-BEE4-76ED5BA01BE2}.Release|Any CPU.ActiveCfg = Release|Any CPU
		{4DF7FE56-2D2B-CEB6-BEE4-76ED5BA01BE2}.Release|Any CPU.Build.0 = Release|Any CPU
		{D9B575DD-9DF3-A118-5CF5-EF37E2506640}.Debug|Any CPU.ActiveCfg = Debug|Any CPU
		{D9B575DD-9DF3-A118-5CF5-EF37E2506640}.Debug|Any CPU.Build.0 = Debug|Any CPU
		{D9B575DD-9DF3-A118-5CF5-EF37E2506640}.Release|Any CPU.ActiveCfg = Release|Any CPU
		{D9B575DD-9DF3-A118-5CF5-EF37E2506640}.Release|Any CPU.Build.0 = Release|Any CPU
	EndGlobalSection
	GlobalSection(SolutionProperties) = preSolution
		HideSolutionNode = FALSE
	EndGlobalSection
	GlobalSection(MonoDevelopProperties) = preSolution
		StartupItem = Assembly-CSharp.csproj
	EndGlobalSection
EndGlobal
